
Microsoft Visual Studio Solution File, Format Version 12.00
# Visual Studio Version 16
VisualStudioVersion = 16.0.30104.148
MinimumVisualStudioVersion = 10.0.40219.1
Project("{FAE04EC0-301F-11D3-BF4B-00C04F79EFBC}") = "StatePattern", "StatePattern\StatePattern.csproj", "{CFEB0674-CE95-4A84-A15D-FE0B48E07D89}"
EndProject
Global
	GlobalSection(SolutionConfigurationPlatforms) = preSolution
		Debug|Any CPU = Debug|Any CPU
		Release|Any CPU = Release|Any CPU
	EndGlobalSection
	GlobalSection(ProjectConfigurationPlatforms) = postSolution
		{CFEB0674-CE95-4A84-A15D-FE0B48E07D89}.Debug|Any CPU.ActiveCfg = Debug|Any CPU
		{CFEB0674-CE95-4A84-A15D-FE0B48E07D89}.Debug|Any CPU.Build.0 = Debug|Any CPU
		{CFEB0674-CE95-4A84-A15D-FE0B48E07D89}.Release|Any CPU.ActiveCfg = Release|Any CPU
		{CFEB0674-CE95-4A84-A15D-FE0B48E07D89}.Release|Any CPU.Build.0 = Release|Any CPU
	EndGlobalSection
	GlobalSection(SolutionProperties) = preSolution
		HideSolutionNode = FALSE
	EndGlobalSection
	GlobalSection(ExtensibilityGlobals) = postSolution
		SolutionGuid = {A8C474D4-DC2C-4B45-83DA-D46E072E4E0A}
	EndGlobalSection
EndGlobal
