
Microsoft Visual Studio Solution File, Format Version 12.00
# Visual Studio Version 16
VisualStudioVersion = 16.0.30104.148
MinimumVisualStudioVersion = 10.0.40219.1
Project("{FAE04EC0-301F-11D3-BF4B-00C04F79EFBC}") = "Prototype", "Prototype\Prototype.csproj", "{FD52508A-3F5E-4AFD-BF60-128CC6EB0CD8}"
EndProject
Global
	GlobalSection(SolutionConfigurationPlatforms) = preSolution
		Debug|Any CPU = Debug|Any CPU
		Release|Any CPU = Release|Any CPU
	EndGlobalSection
	GlobalSection(ProjectConfigurationPlatforms) = postSolution
		{FD52508A-3F5E-4AFD-BF60-128CC6EB0CD8}.Debug|Any CPU.ActiveCfg = Debug|Any CPU
		{FD52508A-3F5E-4AFD-BF60-128CC6EB0CD8}.Debug|Any CPU.Build.0 = Debug|Any CPU
		{FD52508A-3F5E-4AFD-BF60-128CC6EB0CD8}.Release|Any CPU.ActiveCfg = Release|Any CPU
		{FD52508A-3F5E-4AFD-BF60-128CC6EB0CD8}.Release|Any CPU.Build.0 = Release|Any CPU
	EndGlobalSection
	GlobalSection(SolutionProperties) = preSolution
		HideSolutionNode = FALSE
	EndGlobalSection
	GlobalSection(ExtensibilityGlobals) = postSolution
		SolutionGuid = {05C33564-9742-439D-9DF6-8FF6436980C6}
	EndGlobalSection
EndGlobal
